Microsoft Visual Studio Solution File, Format Version 12.00
# Visual Studio Version 17
VisualStudioVersion = 17.5.2.0
MinimumVisualStudioVersion = 10.0.40219.1
Project("{FAE04EC0-301F-11D3-BF4B-00C04F79EFBC}") = "VendingSystemClient", "VendingSystemClient.csproj", "{79858756-C0E9-F1A5-3179-9E856178EA34}"
EndProject
Global
	GlobalSection(SolutionConfigurationPlatforms) = preSolution
		Debug|Any CPU = Debug|Any CPU
		Release|Any CPU = Release|Any CPU
	EndGlobalSection
	GlobalSection(ProjectConfigurationPlatforms) = postSolution
		{79858756-C0E9-F1A5-3179-9E856178EA34}.Debug|Any CPU.ActiveCfg = Debug|Any CPU
		{79858756-C0E9-F1A5-3179-9E856178EA34}.Debug|Any CPU.Build.0 = Debug|Any CPU
		{79858756-C0E9-F1A5-3179-9E856178EA34}.Release|Any CPU.ActiveCfg = Release|Any CPU
		{79858756-C0E9-F1A5-3179-9E856178EA34}.Release|Any CPU.Build.0 = Release|Any CPU
	EndGlobalSection
	GlobalSection(SolutionProperties) = preSolution
		HideSolutionNode = FALSE
	EndGlobalSection
	GlobalSection(ExtensibilityGlobals) = postSolution
		SolutionGuid = {83196406-A19E-4E47-A551-578A3FDB531C}
	EndGlobalSection
EndGlobal
